{
  "pins" : [
    {
      "identity" : "lottie-spm",
      "kind" : "remoteSourceControl",
      "location" : "https://github.com/airbnb/lottie-spm.git",
      "state" : {
        "revision" : "04f2fd18cc9404a0a0917265a449002674f24ec9",
        "version" : "4.5.2"
      }
    },
    {
      "identity" : "pulse",
      "kind" : "remoteSourceControl",
      "location" : "https://github.com/kean/Pulse/",
      "state" : {
        "revision" : "3ac5ee35ab233e900aa484919803d51791d1e351",
        "version" : "4.2.7"
      }
    }
  ],
  "version" : 2
}
