PODS:
  - Alamofire (5.6.1)
  - AppAuth (1.5.0):
    - AppAuth/Core (= 1.5.0)
    - AppAuth/ExternalUserAgent (= 1.5.0)
  - AppAuth/Core (1.5.0)
  - AppAuth/ExternalUserAgent (1.5.0):
    - AppAuth/Core
  - atlantis-proxyman (1.12.0)
  - DocumentConverter (7.0.1)
  - DocumentEditor (7.0.1)
  - FacebookCore (0.9.0):
    - FBSDKCoreKit (~> 5.0)
  - FacebookLogin (0.9.0):
    - FacebookCore (~> 0.9.0)
    - FBSDKCoreKit (~> 5.0)
    - FBSDKLoginKit (~> 5.0)
  - FBSDKCoreKit (5.15.1):
    - FBSDKCoreKit/Basics (= 5.15.1)
    - FBSDKCoreKit/Core (= 5.15.1)
  - FBSDKCoreKit/Basics (5.15.1)
  - FBSDKCoreKit/Core (5.15.1):
    - FBSDKCoreKit/Basics
  - FBSDKLoginKit (5.15.1):
    - FBSDKLoginKit/Login (= 5.15.1)
  - FBSDKLoginKit/Login (5.15.1):
    - FBSDKCoreKit (~> 5.0)
  - FileKit (5.2.0)
  - FilesProvider (0.26.1)
  - Firebase (9.1.0):
    - Firebase/Core (= 9.1.0)
  - Firebase/Analytics (9.1.0):
    - Firebase/Core
  - Firebase/Core (9.1.0):
    - Firebase/CoreOnly
    - FirebaseAnalytics (~> 9.1.0)
  - Firebase/CoreOnly (9.1.0):
    - FirebaseCore (= 9.1.0)
  - Firebase/Crashlytics (9.1.0):
    - Firebase/CoreOnly
    - FirebaseCrashlytics (~> 9.1.0)
  - Firebase/Messaging (9.1.0):
    - Firebase/CoreOnly
    - FirebaseMessaging (~> 9.1.0)
  - Firebase/RemoteConfig (9.1.0):
    - Firebase/CoreOnly
    - FirebaseRemoteConfig (~> 9.1.0)
  - FirebaseABTesting (9.1.0):
    - FirebaseCore (~> 9.0)
  - FirebaseAnalytics (9.1.0):
    - FirebaseAnalytics/AdIdSupport (= 9.1.0)
    - FirebaseCore (~> 9.0)
    - FirebaseInstallations (~> 9.0)
    - GoogleUtilities/AppDelegateSwizzler (~> 7.7)
    - GoogleUtilities/MethodSwizzler (~> 7.7)
    - GoogleUtilities/Network (~> 7.7)
    - "GoogleUtilities/NSData+zlib (~> 7.7)"
    - nanopb (< 2.30910.0, >= 2.30908.0)
  - FirebaseAnalytics/AdIdSupport (9.1.0):
    - FirebaseCore (~> 9.0)
    - FirebaseInstallations (~> 9.0)
    - GoogleAppMeasurement (= 9.1.0)
    - GoogleUtilities/AppDelegateSwizzler (~> 7.7)
    - GoogleUtilities/MethodSwizzler (~> 7.7)
    - GoogleUtilities/Network (~> 7.7)
    - "GoogleUtilities/NSData+zlib (~> 7.7)"
    - nanopb (< 2.30910.0, >= 2.30908.0)
  - FirebaseCore (9.1.0):
    - FirebaseCoreDiagnostics (~> 9.0)
    - FirebaseCoreInternal (~> 9.0)
    - GoogleUtilities/Environment (~> 7.7)
    - GoogleUtilities/Logger (~> 7.7)
  - FirebaseCoreDiagnostics (9.1.0):
    - GoogleDataTransport (< 10.0.0, >= 9.1.4)
    - GoogleUtilities/Environment (~> 7.7)
    - GoogleUtilities/Logger (~> 7.7)
    - nanopb (< 2.30910.0, >= 2.30908.0)
  - FirebaseCoreInternal (9.1.0):
    - "GoogleUtilities/NSData+zlib (~> 7.7)"
  - FirebaseCrashlytics (9.1.0):
    - FirebaseCore (~> 9.0)
    - FirebaseInstallations (~> 9.0)
    - GoogleDataTransport (< 10.0.0, >= 9.1.4)
    - GoogleUtilities/Environment (~> 7.7)
    - nanopb (< 2.30910.0, >= 2.30908.0)
    - PromisesObjC (~> 2.1)
  - FirebaseInstallations (9.1.0):
    - FirebaseCore (~> 9.0)
    - GoogleUtilities/Environment (~> 7.7)
    - GoogleUtilities/UserDefaults (~> 7.7)
    - PromisesObjC (~> 2.1)
  - FirebaseMessaging (9.1.0):
    - FirebaseCore (~> 9.0)
    - FirebaseInstallations (~> 9.0)
    - GoogleDataTransport (< 10.0.0, >= 9.1.4)
    - GoogleUtilities/AppDelegateSwizzler (~> 7.7)
    - GoogleUtilities/Environment (~> 7.7)
    - GoogleUtilities/Reachability (~> 7.7)
    - GoogleUtilities/UserDefaults (~> 7.7)
    - nanopb (< 2.30910.0, >= 2.30908.0)
  - FirebaseRemoteConfig (9.1.0):
    - FirebaseABTesting (~> 9.0)
    - FirebaseCore (~> 9.0)
    - FirebaseInstallations (~> 9.0)
    - GoogleUtilities/Environment (~> 7.7)
    - "GoogleUtilities/NSData+zlib (~> 7.7)"
  - GoogleAPIClientForREST/Core (2.0.0):
    - GTMSessionFetcher/Full (< 3.0, >= 1.6.1)
  - GoogleAPIClientForREST/Drive (2.0.0):
    - GoogleAPIClientForREST/Core
    - GTMSessionFetcher/Full (< 3.0, >= 1.6.1)
  - GoogleAppMeasurement (9.1.0):
    - GoogleAppMeasurement/AdIdSupport (= 9.1.0)
    - GoogleUtilities/AppDelegateSwizzler (~> 7.7)
    - GoogleUtilities/MethodSwizzler (~> 7.7)
    - GoogleUtilities/Network (~> 7.7)
    - "GoogleUtilities/NSData+zlib (~> 7.7)"
    - nanopb (< 2.30910.0, >= 2.30908.0)
  - GoogleAppMeasurement/AdIdSupport (9.1.0):
    - GoogleAppMeasurement/WithoutAdIdSupport (= 9.1.0)
    - GoogleUtilities/AppDelegateSwizzler (~> 7.7)
    - GoogleUtilities/MethodSwizzler (~> 7.7)
    - GoogleUtilities/Network (~> 7.7)
    - "GoogleUtilities/NSData+zlib (~> 7.7)"
    - nanopb (< 2.30910.0, >= 2.30908.0)
  - GoogleAppMeasurement/WithoutAdIdSupport (9.1.0):
    - GoogleUtilities/AppDelegateSwizzler (~> 7.7)
    - GoogleUtilities/MethodSwizzler (~> 7.7)
    - GoogleUtilities/Network (~> 7.7)
    - "GoogleUtilities/NSData+zlib (~> 7.7)"
    - nanopb (< 2.30910.0, >= 2.30908.0)
  - GoogleDataTransport (9.1.4):
    - GoogleUtilities/Environment (~> 7.7)
    - nanopb (< 2.30910.0, >= 2.30908.0)
    - PromisesObjC (< 3.0, >= 1.2)
  - GoogleSignIn (6.2.2):
    - AppAuth (~> 1.5)
    - GTMAppAuth (~> 1.3)
    - GTMSessionFetcher/Core (~> 1.1)
  - GoogleUtilities/AppDelegateSwizzler (7.7.0):
    - GoogleUtilities/Environment
    - GoogleUtilities/Logger
    - GoogleUtilities/Network
  - GoogleUtilities/Environment (7.7.0):
    - PromisesObjC (< 3.0, >= 1.2)
  - GoogleUtilities/Logger (7.7.0):
    - GoogleUtilities/Environment
  - GoogleUtilities/MethodSwizzler (7.7.0):
    - GoogleUtilities/Logger
  - GoogleUtilities/Network (7.7.0):
    - GoogleUtilities/Logger
    - "GoogleUtilities/NSData+zlib"
    - GoogleUtilities/Reachability
  - "GoogleUtilities/NSData+zlib (7.7.0)"
  - GoogleUtilities/Reachability (7.7.0):
    - GoogleUtilities/Logger
  - GoogleUtilities/UserDefaults (7.7.0):
    - GoogleUtilities/Logger
  - GTMAppAuth (1.3.0):
    - AppAuth/Core (~> 1.4)
    - GTMSessionFetcher/Core (~> 1.5)
  - GTMSessionFetcher/Core (1.7.2)
  - GTMSessionFetcher/Full (1.7.2):
    - GTMSessionFetcher/Core (= 1.7.2)
  - IQKeyboardManagerSwift (6.5.10)
  - KeychainSwift (20.0.0)
  - Kingfisher (6.3.1)
  - MBProgressHUD (1.2.0)
  - MediaBrowser (2.1.2):
    - SDWebImage
    - UICircularProgressRing
  - MGSwipeTableCell (1.6.14)
  - nanopb (2.30909.0):
    - nanopb/decode (= 2.30909.0)
    - nanopb/encode (= 2.30909.0)
  - nanopb/decode (2.30909.0)
  - nanopb/encode (2.30909.0)
  - ObjectMapper (4.2.0)
  - PhoneNumberKit (3.3.4):
    - PhoneNumberKit/PhoneNumberKitCore (= 3.3.4)
    - PhoneNumberKit/UIKit (= 3.3.4)
  - PhoneNumberKit/PhoneNumberKitCore (3.3.4)
  - PhoneNumberKit/UIKit (3.3.4):
    - PhoneNumberKit/PhoneNumberKitCore
  - PresentationEditor (7.0.1)
  - PromisesObjC (2.1.0)
  - ReCaptcha (1.6.0):
    - ReCaptcha/Core (= 1.6.0)
  - ReCaptcha/Core (1.6.0)
  - SDWebImage (5.12.6):
    - SDWebImage/Core (= 5.12.6)
  - SDWebImage/Core (5.12.6)
  - Siren (5.7.1)
  - SkyFloatingLabelTextField (4.0.0)
  - SpreadsheetEditor (7.0.1)
  - SwiftFormat/CLI (0.49.9)
  - SwiftGen (6.4.0)
  - SwiftMessages (9.0.4):
    - SwiftMessages/App (= 9.0.4)
  - SwiftMessages/App (9.0.4)
  - SwiftRater (1.8.0)
  - SwiftyDropbox (8.3.1):
    - Alamofire
  - SwiftyJSON (5.0.1)
  - SwiftyXMLParser (5.6.0)
  - UICircularProgressRing (8.0.0)
  - WhatsNewKit (1.3.7)

DEPENDENCIES:
  - Alamofire
  - atlantis-proxyman
  - DocumentConverter (from `../editors-ios/DocumentConverter.podspec`)
  - DocumentEditor (from `../editors-ios/DocumentEditor.podspec`)
  - FacebookCore
  - FacebookLogin
  - FileKit
  - FilesProvider (from `https://github.com/ayuzhin/FileProvider.git`)
  - Firebase
  - Firebase/Analytics
  - Firebase/Crashlytics
  - Firebase/Messaging
  - Firebase/RemoteConfig
  - GoogleAPIClientForREST/Drive
  - GoogleSignIn
  - IQKeyboardManagerSwift
  - KeychainSwift
  - Kingfisher
  - MBProgressHUD
  - MediaBrowser (from `https://github.com/ayuzhin/MediaBrowser.git`, commit `8411f5d`)
  - MGSwipeTableCell
  - ObjectMapper
  - PhoneNumberKit
  - PresentationEditor (from `../editors-ios/PresentationEditor.podspec`)
  - ReCaptcha
  - SDWebImage
  - Siren
  - SkyFloatingLabelTextField (from `https://github.com/Skyscanner/SkyFloatingLabelTextField.git`)
  - SpreadsheetEditor (from `../editors-ios/SpreadsheetEditor.podspec`)
  - SwiftFormat/CLI (~> 0.49)
  - SwiftGen (~> 6.4.0)
  - SwiftMessages (= 9.0.4)
  - SwiftRater
  - SwiftyDropbox (from `https://github.com/ayuzhin/SwiftyDropbox.git`)
  - SwiftyJSON
  - SwiftyXMLParser
  - WhatsNewKit

SPEC REPOS:
  https://github.com/CocoaPods/Specs.git:
    - Alamofire
    - AppAuth
    - atlantis-proxyman
    - FacebookCore
    - FacebookLogin
    - FBSDKCoreKit
    - FBSDKLoginKit
    - FileKit
    - Firebase
    - FirebaseABTesting
    - FirebaseAnalytics
    - FirebaseCore
    - FirebaseCoreDiagnostics
    - FirebaseCoreInternal
    - FirebaseCrashlytics
    - FirebaseInstallations
    - FirebaseMessaging
    - FirebaseRemoteConfig
    - GoogleAPIClientForREST
    - GoogleAppMeasurement
    - GoogleDataTransport
    - GoogleSignIn
    - GoogleUtilities
    - GTMAppAuth
    - GTMSessionFetcher
    - IQKeyboardManagerSwift
    - KeychainSwift
    - Kingfisher
    - MBProgressHUD
    - MGSwipeTableCell
    - nanopb
    - ObjectMapper
    - PhoneNumberKit
    - PromisesObjC
    - ReCaptcha
    - SDWebImage
    - Siren
    - SwiftFormat
    - SwiftGen
    - SwiftMessages
    - SwiftRater
    - SwiftyJSON
    - SwiftyXMLParser
    - UICircularProgressRing
    - WhatsNewKit

EXTERNAL SOURCES:
  DocumentConverter:
    :path: "../editors-ios/DocumentConverter.podspec"
  DocumentEditor:
    :path: "../editors-ios/DocumentEditor.podspec"
  FilesProvider:
    :git: https://github.com/ayuzhin/FileProvider.git
  MediaBrowser:
    :commit: 8411f5d
    :git: https://github.com/ayuzhin/MediaBrowser.git
  PresentationEditor:
    :path: "../editors-ios/PresentationEditor.podspec"
  SkyFloatingLabelTextField:
    :git: https://github.com/Skyscanner/SkyFloatingLabelTextField.git
  SpreadsheetEditor:
    :path: "../editors-ios/SpreadsheetEditor.podspec"
  SwiftyDropbox:
    :git: https://github.com/ayuzhin/SwiftyDropbox.git

CHECKOUT OPTIONS:
  FilesProvider:
    :commit: de4efd5df99c1d062edbfd3156c47c59cf08bbf7
    :git: https://github.com/ayuzhin/FileProvider.git
  MediaBrowser:
    :commit: 8411f5d
    :git: https://github.com/ayuzhin/MediaBrowser.git
  SkyFloatingLabelTextField:
    :commit: a0750ebbc7311f3b3debf99c5e59338e854afa59
    :git: https://github.com/Skyscanner/SkyFloatingLabelTextField.git
  SwiftyDropbox:
    :commit: 4fec7505076fa0ab0220f6dffe4d60cb3269157c
    :git: https://github.com/ayuzhin/SwiftyDropbox.git

SPEC CHECKSUMS:
  Alamofire: 87bd8c952f9a4454320fce00d9cc3de57bcadaf5
  AppAuth: 80317d99ac7ff2801a2f18ff86b48cd315ed465d
  atlantis-proxyman: 5e0d2214eb04c9646e4426c170248918c76815a9
  DocumentConverter: 845e233c76c0fcc6cfb4537171d9670bb24def6a
  DocumentEditor: 37bf7f5a32a3b97b5b600256cc358181d42f88b8
  FacebookCore: ba86524b66cfa86d0f8e65d08faa8504a9f732dd
  FacebookLogin: 6cee9fd6e1fe976fe8f7eec199e27b28b14f5d63
  FBSDKCoreKit: 1d5acf7c9d7a2f92bb1a242dc60cae5b7adb91df
  FBSDKLoginKit: f1ea8026a58b52d30c9f2e6a58ca7d813619fb83
  FileKit: 10bfd8a3023a0b09f24c9f49546cbbddf43fd464
  FilesProvider: ffd7aff5bb3f87d33188ae79d37d9ef05934d3df
  Firebase: 91c243d75573ac6e7c9735ec859b72bffb61347d
  FirebaseABTesting: 0573c1477dd2fb8204a1d317f8968ea171c6dccc
  FirebaseAnalytics: bf11064790ac96804df1df9ddc0ae45af950d9fc
  FirebaseCore: b7bfc258e996eada23b3666bd6b9a22ca092acb8
  FirebaseCoreDiagnostics: 2dabba3412b23b524823325739f45e520f67d1e7
  FirebaseCoreInternal: f3c838ae0b41cd840bbf34f90debfede78d352e5
  FirebaseCrashlytics: 8e21736dcf15d814b79229eb7e79ba3a5eec5f30
  FirebaseInstallations: a91c74276b544524ce144c8315d8cdbce2dbe30b
  FirebaseMessaging: 0bf5caa621182ccc66ba3be3b15e68d800d98e9f
  FirebaseRemoteConfig: ebd0eb74b9a0593ab2a3f0788a5be5595b46a05c
  GoogleAPIClientForREST: 2abe83bae1085d28f94ccc30a49fc7950d721fb9
  GoogleAppMeasurement: 8ecc717f2abe3f9ee95a5d38db08827852894acc
  GoogleDataTransport: 5fffe35792f8b96ec8d6775f5eccd83c998d5a3b
  GoogleSignIn: 3c68388ac221f379676e8f1cb115df3aaf73b93f
  GoogleUtilities: e0913149f6b0625b553d70dae12b49fc62914fd1
  GTMAppAuth: 4d8f864896f3646f0c33baf38a28362f4c601e15
  GTMSessionFetcher: 5595ec75acf5be50814f81e9189490412bad82ba
  IQKeyboardManagerSwift: 52962c76ab33532f15ad9f3ff4e5715eda5335bb
  KeychainSwift: 0ce6a4d13f7228054d1a71bb1b500448fb2ab837
  Kingfisher: 016c8b653a35add51dd34a3aba36b580041acc74
  MBProgressHUD: 3ee5efcc380f6a79a7cc9b363dd669c5e1ae7406
  MediaBrowser: 6d830e6aff5446dbe8d002738abf4daa498e2ae7
  MGSwipeTableCell: d99ed6466f393b71cd488c6f798ba112ff5d1d01
  nanopb: b552cce312b6c8484180ef47159bc0f65a1f0431
  ObjectMapper: 1eb41f610210777375fa806bf161dc39fb832b81
  PhoneNumberKit: 441e8b26ec88d598e3591de9061eff18f5dd12e8
  PresentationEditor: cf60d431007d0505346ff56218207b19fe1188f6
  PromisesObjC: 99b6f43f9e1044bd87a95a60beff28c2c44ddb72
  ReCaptcha: d493ed256054a7b6a7eabcaf0b47ec9a8f42a16e
  SDWebImage: a47aea9e3d8816015db4e523daff50cfd294499d
  Siren: 76ac728f4f2f4a3576c322272e94a0e37955664f
  SkyFloatingLabelTextField: 79ddc40e4ad59707fedbb48d605417aee48bb78a
  SpreadsheetEditor: 2c9bea5276d76d8c2dec23799ebcba7b54713053
  SwiftFormat: 016c15401d06959ef9f81d7956462e91f55b8ac5
  SwiftGen: 67860cc7c3cfc2ed25b9b74cfd55495fc89f9108
  SwiftMessages: 082ed63613a49fa8e749cd6000bb0a8b9bbc736f
  SwiftRater: 6094fa6e9b3866ff8beca0a871b4b5f9ab896a6d
  SwiftyDropbox: 2d59d74986e535d1b32835141f29bf4ede5e2cba
  SwiftyJSON: 2f33a42c6fbc52764d96f13368585094bfd8aa5e
  SwiftyXMLParser: 9b98995235961881322015ebe38d1f3d7c953bd7
  UICircularProgressRing: 19927375b2b21b5fa5fd9582f15ccdef9659da16
  WhatsNewKit: c87028c4059dccd113495422801914cc53f6aab0

PODFILE CHECKSUM: c1347a9dcd48a63fc3c3a78efa72f95984b93391

COCOAPODS: 1.11.2
