PODS:
  - Alamofire (5.4.4)
  - AppAuth (1.4.0):
    - AppAuth/Core (= 1.4.0)
    - AppAuth/ExternalUserAgent (= 1.4.0)
  - AppAuth/Core (1.4.0)
  - AppAuth/ExternalUserAgent (1.4.0)
  - atlantis-proxyman (1.12.0)
  - DocumentConverter (7.0.0)
  - DocumentEditor (7.0.0)
  - FacebookCore (0.9.0):
    - FBSDKCoreKit (~> 5.0)
  - FacebookLogin (0.9.0):
    - FacebookCore (~> 0.9.0)
    - FBSDKCoreKit (~> 5.0)
    - FBSDKLoginKit (~> 5.0)
  - FBSDKCoreKit (5.15.1):
    - FBSDKCoreKit/Basics (= 5.15.1)
    - FBSDKCoreKit/Core (= 5.15.1)
  - FBSDKCoreKit/Basics (5.15.1)
  - FBSDKCoreKit/Core (5.15.1):
    - FBSDKCoreKit/Basics
  - FBSDKLoginKit (5.15.1):
    - FBSDKLoginKit/Login (= 5.15.1)
  - FBSDKLoginKit/Login (5.15.1):
    - FBSDKCoreKit (~> 5.0)
  - FileKit (5.2.0)
  - FilesProvider (0.26.0)
  - Firebase (8.9.0):
    - Firebase/Core (= 8.9.0)
  - Firebase/Analytics (8.9.0):
    - Firebase/Core
  - Firebase/Core (8.9.0):
    - Firebase/CoreOnly
    - FirebaseAnalytics (~> 8.9.0)
  - Firebase/CoreOnly (8.9.0):
    - FirebaseCore (= 8.9.0)
  - Firebase/Crashlytics (8.9.0):
    - Firebase/CoreOnly
    - FirebaseCrashlytics (~> 8.9.0)
  - Firebase/Messaging (8.9.0):
    - Firebase/CoreOnly
    - FirebaseMessaging (~> 8.9.0)
  - Firebase/RemoteConfig (8.9.0):
    - Firebase/CoreOnly
    - FirebaseRemoteConfig (~> 8.9.0)
  - FirebaseABTesting (8.9.0):
    - FirebaseCore (~> 8.0)
  - FirebaseAnalytics (8.9.0):
    - FirebaseAnalytics/AdIdSupport (= 8.9.0)
    - FirebaseCore (~> 8.0)
    - FirebaseInstallations (~> 8.0)
    - GoogleUtilities/AppDelegateSwizzler (~> 7.6)
    - GoogleUtilities/MethodSwizzler (~> 7.6)
    - GoogleUtilities/Network (~> 7.6)
    - "GoogleUtilities/NSData+zlib (~> 7.6)"
    - nanopb (~> 2.30908.0)
  - FirebaseAnalytics/AdIdSupport (8.9.0):
    - FirebaseCore (~> 8.0)
    - FirebaseInstallations (~> 8.0)
    - GoogleAppMeasurement (= 8.9.0)
    - GoogleUtilities/AppDelegateSwizzler (~> 7.6)
    - GoogleUtilities/MethodSwizzler (~> 7.6)
    - GoogleUtilities/Network (~> 7.6)
    - "GoogleUtilities/NSData+zlib (~> 7.6)"
    - nanopb (~> 2.30908.0)
  - FirebaseCore (8.9.0):
    - FirebaseCoreDiagnostics (~> 8.0)
    - GoogleUtilities/Environment (~> 7.6)
    - GoogleUtilities/Logger (~> 7.6)
  - FirebaseCoreDiagnostics (8.9.0):
    - GoogleDataTransport (~> 9.1)
    - GoogleUtilities/Environment (~> 7.6)
    - GoogleUtilities/Logger (~> 7.6)
    - nanopb (~> 2.30908.0)
  - FirebaseCrashlytics (8.9.0):
    - FirebaseCore (~> 8.0)
    - FirebaseInstallations (~> 8.0)
    - GoogleDataTransport (~> 9.1)
    - GoogleUtilities/Environment (~> 7.6)
    - nanopb (~> 2.30908.0)
    - PromisesObjC (< 3.0, >= 1.2)
  - FirebaseInstallations (8.9.0):
    - FirebaseCore (~> 8.0)
    - GoogleUtilities/Environment (~> 7.6)
    - GoogleUtilities/UserDefaults (~> 7.6)
    - PromisesObjC (< 3.0, >= 1.2)
  - FirebaseMessaging (8.9.0):
    - FirebaseCore (~> 8.0)
    - FirebaseInstallations (~> 8.0)
    - GoogleDataTransport (~> 9.1)
    - GoogleUtilities/AppDelegateSwizzler (~> 7.6)
    - GoogleUtilities/Environment (~> 7.6)
    - GoogleUtilities/Reachability (~> 7.6)
    - GoogleUtilities/UserDefaults (~> 7.6)
    - nanopb (~> 2.30908.0)
  - FirebaseRemoteConfig (8.9.0):
    - FirebaseABTesting (~> 8.0)
    - FirebaseCore (~> 8.0)
    - FirebaseInstallations (~> 8.0)
    - GoogleUtilities/Environment (~> 7.6)
    - "GoogleUtilities/NSData+zlib (~> 7.6)"
  - GoogleAPIClientForREST/Core (1.6.0):
    - GTMSessionFetcher (>= 1.6.1)
  - GoogleAPIClientForREST/Drive (1.6.0):
    - GoogleAPIClientForREST/Core
    - GTMSessionFetcher (>= 1.6.1)
  - GoogleAppMeasurement (8.9.0):
    - GoogleAppMeasurement/AdIdSupport (= 8.9.0)
    - GoogleUtilities/AppDelegateSwizzler (~> 7.6)
    - GoogleUtilities/MethodSwizzler (~> 7.6)
    - GoogleUtilities/Network (~> 7.6)
    - "GoogleUtilities/NSData+zlib (~> 7.6)"
    - nanopb (~> 2.30908.0)
  - GoogleAppMeasurement/AdIdSupport (8.9.0):
    - GoogleAppMeasurement/WithoutAdIdSupport (= 8.9.0)
    - GoogleUtilities/AppDelegateSwizzler (~> 7.6)
    - GoogleUtilities/MethodSwizzler (~> 7.6)
    - GoogleUtilities/Network (~> 7.6)
    - "GoogleUtilities/NSData+zlib (~> 7.6)"
    - nanopb (~> 2.30908.0)
  - GoogleAppMeasurement/WithoutAdIdSupport (8.9.0):
    - GoogleUtilities/AppDelegateSwizzler (~> 7.6)
    - GoogleUtilities/MethodSwizzler (~> 7.6)
    - GoogleUtilities/Network (~> 7.6)
    - "GoogleUtilities/NSData+zlib (~> 7.6)"
    - nanopb (~> 2.30908.0)
  - GoogleDataTransport (9.1.2):
    - GoogleUtilities/Environment (~> 7.2)
    - nanopb (~> 2.30908.0)
    - PromisesObjC (< 3.0, >= 1.2)
  - GoogleSignIn (6.0.2):
    - AppAuth (~> 1.4)
    - GTMAppAuth (~> 1.0)
    - GTMSessionFetcher/Core (~> 1.1)
  - GoogleUtilities/AppDelegateSwizzler (7.6.0):
    - GoogleUtilities/Environment
    - GoogleUtilities/Logger
    - GoogleUtilities/Network
  - GoogleUtilities/Environment (7.6.0):
    - PromisesObjC (< 3.0, >= 1.2)
  - GoogleUtilities/Logger (7.6.0):
    - GoogleUtilities/Environment
  - GoogleUtilities/MethodSwizzler (7.6.0):
    - GoogleUtilities/Logger
  - GoogleUtilities/Network (7.6.0):
    - GoogleUtilities/Logger
    - "GoogleUtilities/NSData+zlib"
    - GoogleUtilities/Reachability
  - "GoogleUtilities/NSData+zlib (7.6.0)"
  - GoogleUtilities/Reachability (7.6.0):
    - GoogleUtilities/Logger
  - GoogleUtilities/UserDefaults (7.6.0):
    - GoogleUtilities/Logger
  - GTMAppAuth (1.2.2):
    - AppAuth/Core (~> 1.4)
    - GTMSessionFetcher/Core (~> 1.5)
  - GTMSessionFetcher (1.7.0):
    - GTMSessionFetcher/Full (= 1.7.0)
  - GTMSessionFetcher/Core (1.7.0)
  - GTMSessionFetcher/Full (1.7.0):
    - GTMSessionFetcher/Core (= 1.7.0)
  - IQKeyboardManagerSwift (6.5.6)
  - KeychainSwift (19.0.0)
  - Kingfisher (6.3.1)
  - MBProgressHUD (1.2.0)
  - MediaBrowser (2.1.2):
    - SDWebImage
    - UICircularProgressRing
  - MGSwipeTableCell (1.6.11)
  - nanopb (2.30908.0):
    - nanopb/decode (= 2.30908.0)
    - nanopb/encode (= 2.30908.0)
  - nanopb/decode (2.30908.0)
  - nanopb/encode (2.30908.0)
  - ObjectMapper (4.2.0)
  - PhoneNumberKit (3.3.3):
    - PhoneNumberKit/PhoneNumberKitCore (= 3.3.3)
    - PhoneNumberKit/UIKit (= 3.3.3)
  - PhoneNumberKit/PhoneNumberKitCore (3.3.3)
  - PhoneNumberKit/UIKit (3.3.3):
    - PhoneNumberKit/PhoneNumberKitCore
  - PresentationEditor (7.0.0)
  - PromisesObjC (2.0.0)
  - ReCaptcha (1.6.0):
    - ReCaptcha/Core (= 1.6.0)
  - ReCaptcha/Core (1.6.0)
  - SDWebImage (5.12.1):
    - SDWebImage/Core (= 5.12.1)
  - SDWebImage/Core (5.12.1)
  - Siren (5.7.1)
  - SkyFloatingLabelTextField (4.0.0)
  - SpreadsheetEditor (7.0.0)
  - SwiftGen (6.4.0)
  - SwiftMessages (9.0.4):
    - SwiftMessages/App (= 9.0.4)
  - SwiftMessages/App (9.0.4)
  - SwiftRater (1.8.0)
  - SwiftyJSON (5.0.1)
  - SwiftyXMLParser (5.5.0)
  - UICircularProgressRing (8.0.0)
  - WhatsNewKit (1.3.7)

DEPENDENCIES:
  - Alamofire
  - atlantis-proxyman
  - DocumentConverter (from `../editors-ios/DocumentConverter.podspec`)
  - DocumentEditor (from `../editors-ios/DocumentEditor.podspec`)
  - FacebookCore
  - FacebookLogin
  - FileKit
  - FilesProvider (from `https://github.com/ayuzhin/FileProvider.git`)
  - Firebase
  - Firebase/Analytics
  - Firebase/Crashlytics
  - Firebase/Messaging
  - Firebase/RemoteConfig
  - GoogleAPIClientForREST/Drive
  - GoogleSignIn
  - IQKeyboardManagerSwift
  - KeychainSwift
  - Kingfisher
  - MBProgressHUD
  - MediaBrowser (from `https://github.com/ayuzhin/MediaBrowser.git`)
  - MGSwipeTableCell
  - ObjectMapper
  - PhoneNumberKit
  - PresentationEditor (from `../editors-ios/PresentationEditor.podspec`)
  - ReCaptcha
  - SDWebImage
  - Siren
  - SkyFloatingLabelTextField (from `https://github.com/Skyscanner/SkyFloatingLabelTextField.git`)
  - SpreadsheetEditor (from `../editors-ios/SpreadsheetEditor.podspec`)
  - SwiftGen (~> 6.4.0)
  - SwiftMessages (= 9.0.4)
  - SwiftRater
  - SwiftyJSON
  - SwiftyXMLParser
  - WhatsNewKit

SPEC REPOS:
  https://github.com/CocoaPods/Specs.git:
    - Alamofire
    - AppAuth
    - atlantis-proxyman
    - FacebookCore
    - FacebookLogin
    - FBSDKCoreKit
    - FBSDKLoginKit
    - FileKit
    - Firebase
    - FirebaseABTesting
    - FirebaseAnalytics
    - FirebaseCore
    - FirebaseCoreDiagnostics
    - FirebaseCrashlytics
    - FirebaseInstallations
    - FirebaseMessaging
    - FirebaseRemoteConfig
    - GoogleAPIClientForREST
    - GoogleAppMeasurement
    - GoogleDataTransport
    - GoogleSignIn
    - GoogleUtilities
    - GTMAppAuth
    - GTMSessionFetcher
    - IQKeyboardManagerSwift
    - KeychainSwift
    - Kingfisher
    - MBProgressHUD
    - MGSwipeTableCell
    - nanopb
    - ObjectMapper
    - PhoneNumberKit
    - PromisesObjC
    - ReCaptcha
    - SDWebImage
    - Siren
    - SwiftGen
    - SwiftMessages
    - SwiftRater
    - SwiftyJSON
    - SwiftyXMLParser
    - UICircularProgressRing
    - WhatsNewKit

EXTERNAL SOURCES:
  DocumentConverter:
    :path: "../editors-ios/DocumentConverter.podspec"
  DocumentEditor:
    :path: "../editors-ios/DocumentEditor.podspec"
  FilesProvider:
    :git: https://github.com/ayuzhin/FileProvider.git
  MediaBrowser:
    :git: https://github.com/ayuzhin/MediaBrowser.git
  PresentationEditor:
    :path: "../editors-ios/PresentationEditor.podspec"
  SkyFloatingLabelTextField:
    :git: https://github.com/Skyscanner/SkyFloatingLabelTextField.git
  SpreadsheetEditor:
    :path: "../editors-ios/SpreadsheetEditor.podspec"

CHECKOUT OPTIONS:
  FilesProvider:
    :commit: 4fb08a2eb7f657a893c48432227b4c165305ec52
    :git: https://github.com/ayuzhin/FileProvider.git
  MediaBrowser:
    :commit: 4726f4f3af8ee18becfb421aa60abd03731baacf
    :git: https://github.com/ayuzhin/MediaBrowser.git
  SkyFloatingLabelTextField:
    :commit: a0750ebbc7311f3b3debf99c5e59338e854afa59
    :git: https://github.com/Skyscanner/SkyFloatingLabelTextField.git

SPEC CHECKSUMS:
  Alamofire: f3b09a368f1582ab751b3fff5460276e0d2cf5c9
  AppAuth: 31bcec809a638d7bd2f86ea8a52bd45f6e81e7c7
  atlantis-proxyman: 5e0d2214eb04c9646e4426c170248918c76815a9
  DocumentConverter: 7b48070109ef94c452a2facbfd7b8c0fbe0988ed
  DocumentEditor: 3001b3844dabb72272da4a20f9d7444789110c0f
  FacebookCore: ba86524b66cfa86d0f8e65d08faa8504a9f732dd
  FacebookLogin: 6cee9fd6e1fe976fe8f7eec199e27b28b14f5d63
  FBSDKCoreKit: 1d5acf7c9d7a2f92bb1a242dc60cae5b7adb91df
  FBSDKLoginKit: f1ea8026a58b52d30c9f2e6a58ca7d813619fb83
  FileKit: 10bfd8a3023a0b09f24c9f49546cbbddf43fd464
  FilesProvider: a7272b1e61ce07ca239c56db4efa0c5635f393ef
  Firebase: 13d8d96499e2635428d5bf0ec675df21f95d9a95
  FirebaseABTesting: 9de50b34bf9eb4a07d4edb7af82c14152fd905aa
  FirebaseAnalytics: 3a11ed901750e1ebcbe35e75915ff079878ea385
  FirebaseCore: 599ee609343eaf4941bd188f85e3aa077ffe325b
  FirebaseCoreDiagnostics: 5daa63f1c1409d981a2d5007daa100b36eac6a34
  FirebaseCrashlytics: 40efbd81157dae307ec95612fa1328347284d2c2
  FirebaseInstallations: caa7c8e0d3e2345b8829d2fa9ca1b4dfbf2fcc85
  FirebaseMessaging: 82c4a48638f53f7b184f3cc9f6cd2cbe533ab316
  FirebaseRemoteConfig: a75c1bd44ebd3ed4ad3fa1ff09414a8b133be405
  GoogleAPIClientForREST: 5183df28e7bcb7b7b41ebd558e16083cfed60d99
  GoogleAppMeasurement: b54a857d347703d67c7a6f23713760c9bcfe9008
  GoogleDataTransport: 629c20a4d363167143f30ea78320d5a7eb8bd940
  GoogleSignIn: fd381840dbe7c1137aa6dc30849a5c3e070c034a
  GoogleUtilities: 684ee790a24f73ebb2d1d966e9711c203f2a4237
  GTMAppAuth: ad5c2b70b9a8689e1a04033c9369c4915bfcbe89
  GTMSessionFetcher: 43748f93435c2aa068b1cbe39655aaf600652e91
  IQKeyboardManagerSwift: c7df9d2deb356c04522f5c4b7b6e4ce4d8ed94fe
  KeychainSwift: a06190cf933ad46b1e0abc3d77d29c06331715c7
  Kingfisher: 016c8b653a35add51dd34a3aba36b580041acc74
  MBProgressHUD: 3ee5efcc380f6a79a7cc9b363dd669c5e1ae7406
  MediaBrowser: 6d830e6aff5446dbe8d002738abf4daa498e2ae7
  MGSwipeTableCell: b804e4e450dee439c42250be90bd50458bf67fce
  nanopb: a0ba3315591a9ae0a16a309ee504766e90db0c96
  ObjectMapper: 1eb41f610210777375fa806bf161dc39fb832b81
  PhoneNumberKit: 4ce83273551c4d2ae10b7361162f4283dd02835f
  PresentationEditor: b98ca9ca0b529338e32bc4a86949cfd9c70eb658
  PromisesObjC: 68159ce6952d93e17b2dfe273b8c40907db5ba58
  ReCaptcha: d493ed256054a7b6a7eabcaf0b47ec9a8f42a16e
  SDWebImage: 4dc3e42d9ec0c1028b960a33ac6b637bb432207b
  Siren: 76ac728f4f2f4a3576c322272e94a0e37955664f
  SkyFloatingLabelTextField: 79ddc40e4ad59707fedbb48d605417aee48bb78a
  SpreadsheetEditor: 2eabf14d92b796d32781ebcf7a4d0a03f4045ad5
  SwiftGen: 67860cc7c3cfc2ed25b9b74cfd55495fc89f9108
  SwiftMessages: 082ed63613a49fa8e749cd6000bb0a8b9bbc736f
  SwiftRater: 6094fa6e9b3866ff8beca0a871b4b5f9ab896a6d
  SwiftyJSON: 2f33a42c6fbc52764d96f13368585094bfd8aa5e
  SwiftyXMLParser: 027d9e6fb54a38d95dccec025bcea9693f699c47
  UICircularProgressRing: 19927375b2b21b5fa5fd9582f15ccdef9659da16
  WhatsNewKit: c87028c4059dccd113495422801914cc53f6aab0

PODFILE CHECKSUM: eb81a134c4a840a1245571b199fadb01c9e3c974

COCOAPODS: 1.11.2
