{
  "pins" : [
    {
      "identity" : "editors-ios-sp",
      "kind" : "remoteSourceControl",
      "location" : "https://github.com/ONLYOFFICE/editors-ios-sp.git",
      "state" : {
        "revision" : "0b379aed3419daf67e9f7b67b75f8fa0aadc8ab8",
        "version" : "7.3.3"
      }
    },
    {
      "identity" : "pulse",
      "kind" : "remoteSourceControl",
      "location" : "https://github.com/kean/Pulse/",
      "state" : {
        "revision" : "2303a867926ba4d2f328d9237027b3ec95b6f189",
        "version" : "2.1.5"
      }
    },
    {
      "identity" : "swift-log",
      "kind" : "remoteSourceControl",
      "location" : "https://github.com/apple/swift-log.git",
      "state" : {
        "revision" : "32e8d724467f8fe623624570367e3d50c5638e46",
        "version" : "1.5.2"
      }
    }
  ],
  "version" : 2
}
