{
  "pins" : [
    {
      "identity" : "editors-ios-sp",
      "kind" : "remoteSourceControl",
      "location" : "https://github.com/ONLYOFFICE/editors-ios-sp.git",
      "state" : {
        "branch" : "hotfix/v8.0.1",
        "revision" : "c546a41e8b8313c4449edd41a0b7452abc56bb68"
      }
    },
    {
      "identity" : "pulse",
      "kind" : "remoteSourceControl",
      "location" : "https://github.com/kean/Pulse/",
      "state" : {
        "revision" : "2303a867926ba4d2f328d9237027b3ec95b6f189",
        "version" : "2.1.5"
      }
    },
    {
      "identity" : "swift-log",
      "kind" : "remoteSourceControl",
      "location" : "https://github.com/apple/swift-log.git",
      "state" : {
        "revision" : "532d8b529501fb73a2455b179e0bbb6d49b652ed",
        "version" : "1.5.3"
      }
    }
  ],
  "version" : 2
}
